
Microsoft Visual Studio Solution File, Format Version 12.00
# Visual Studio Version 16
VisualStudioVersion = 16.0.33423.256
MinimumVisualStudioVersion = 10.0.40219.1
Project("{FAE04EC0-301F-11D3-BF4B-00C04F79EFBC}") = "SmartGarden", "SmartGarden\SmartGarden.csproj", "{AEF2CE77-79AA-45C9-ADC1-5576012DB9BA}"
EndProject
Global
	GlobalSection(SolutionConfigurationPlatforms) = preSolution
		Debug|Any CPU = Debug|Any CPU
		Release|Any CPU = Release|Any CPU
	EndGlobalSection
	GlobalSection(ProjectConfigurationPlatforms) = postSolution
		{AEF2CE77-79AA-45C9-ADC1-5576012DB9BA}.Debug|Any CPU.ActiveCfg = Debug|Any CPU
		{AEF2CE77-79AA-45C9-ADC1-5576012DB9BA}.Debug|Any CPU.Build.0 = Debug|Any CPU
		{AEF2CE77-79AA-45C9-ADC1-5576012DB9BA}.Release|Any CPU.ActiveCfg = Release|Any CPU
		{AEF2CE77-79AA-45C9-ADC1-5576012DB9BA}.Release|Any CPU.Build.0 = Release|Any CPU
	EndGlobalSection
	GlobalSection(SolutionProperties) = preSolution
		HideSolutionNode = FALSE
	EndGlobalSection
	GlobalSection(ExtensibilityGlobals) = postSolution
		SolutionGuid = {972EE050-6758-47BC-BF30-916270922010}
	EndGlobalSection
EndGlobal
